// !$*UTF8*$!
{
	archiveVersion = 1;
	classes = {
	};
	objectVersion = 46;
	objects = {

/* Begin PBXBuildFile section */
		2F4D1382191A966D00BFB2E1 /* Foundation.framework in Frameworks */ = {isa = PBXBuildFile; fileRef = 2F4D1381191A966D00BFB2E1 /* Foundation.framework */; };
		2F4D1384191A966D00BFB2E1 /* CoreGraphics.framework in Frameworks */ = {isa = PBXBuildFile; fileRef = 2F4D1383191A966D00BFB2E1 /* CoreGraphics.framework */; };
		2F4D1386191A966D00BFB2E1 /* UIKit.framework in Frameworks */ = {isa = PBXBuildFile; fileRef = 2F4D1385191A966D00BFB2E1 /* UIKit.framework */; };
		2F4D138C191A966D00BFB2E1 /* InfoPlist.strings in Resources */ = {isa = PBXBuildFile; fileRef = 2F4D138A191A966D00BFB2E1 /* InfoPlist.strings */; };
		2F4D138E191A966D00BFB2E1 /* main.m in Sources */ = {isa = PBXBuildFile; fileRef = 2F4D138D191A966D00BFB2E1 /* main.m */; };
		2F4D1392191A966D00BFB2E1 /* XYZAppDelegate.m in Sources */ = {isa = PBXBuildFile; fileRef = 2F4D1391191A966D00BFB2E1 /* XYZAppDelegate.m */; };
		2F4D1395191A966D00BFB2E1 /* Main.storyboard in Resources */ = {isa = PBXBuildFile; fileRef = 2F4D1393191A966D00BFB2E1 /* Main.storyboard */; };
		2F4D1398191A966D00BFB2E1 /* XYZViewController.m in Sources */ = {isa = PBXBuildFile; fileRef = 2F4D1397191A966D00BFB2E1 /* XYZViewController.m */; };
		2F4D139A191A966D00BFB2E1 /* Images.xcassets in Resources */ = {isa = PBXBuildFile; fileRef = 2F4D1399191A966D00BFB2E1 /* Images.xcassets */; };
		2F4D13A1191A966D00BFB2E1 /* XCTest.framework in Frameworks */ = {isa = PBXBuildFile; fileRef = 2F4D13A0191A966D00BFB2E1 /* XCTest.framework */; };
		2F4D13A2191A966D00BFB2E1 /* Foundation.framework in Frameworks */ = {isa = PBXBuildFile; fileRef = 2F4D1381191A966D00BFB2E1 /* Foundation.framework */; };
		2F4D13A3191A966D00BFB2E1 /* UIKit.framework in Frameworks */ = {isa = PBXBuildFile; fileRef = 2F4D1385191A966D00BFB2E1 /* UIKit.framework */; };
		2F4D13AB191A966D00BFB2E1 /* InfoPlist.strings in Resources */ = {isa = PBXBuildFile; fileRef = 2F4D13A9191A966D00BFB2E1 /* InfoPlist.strings */; };
		2F4D13AD191A966D00BFB2E1 /* Homework1Tests.m in Sources */ = {isa = PBXBuildFile; fileRef = 2F4D13AC191A966D00BFB2E1 /* Homework1Tests.m */; };
		2F4D13B8191A99C700BFB2E1 /* XYZAddItemViewController.m in Sources */ = {isa = PBXBuildFile; fileRef = 2F4D13B7191A99C700BFB2E1 /* XYZAddItemViewController.m */; };
		2F4D13BB191A9C3C00BFB2E1 /* XYZMyStoryboardTableViewController.m in Sources */ = {isa = PBXBuildFile; fileRef = 2F4D13BA191A9C3C00BFB2E1 /* XYZMyStoryboardTableViewController.m */; };
/* End PBXBuildFile section */

/* Begin PBXContainerItemProxy section */
		2F4D13A4191A966D00BFB2E1 /* PBXContainerItemProxy */ = {
			isa = PBXContainerItemProxy;
			containerPortal = 2F4D1376191A966D00BFB2E1 /* Project object */;
			proxyType = 1;
			remoteGlobalIDString = 2F4D137D191A966D00BFB2E1;
			remoteInfo = Homework1;
		};
/* End PBXContainerItemProxy section */

/* Begin PBXFileReference section */
		2F4D137E191A966D00BFB2E1 /* Homework1.app */ = {isa = PBXFileReference; explicitFileType = wrapper.application; includeInIndex = 0; path = Homework1.app; sourceTree = BUILT_PRODUCTS_DIR; };
		2F4D1381191A966D00BFB2E1 /* Foundation.framework */ = {isa = PBXFileReference; lastKnownFileType = wrapper.framework; name = Foundation.framework; path = System/Library/Frameworks/Foundation.framework; sourceTree = SDKROOT; };
		2F4D1383191A966D00BFB2E1 /* CoreGraphics.framework */ = {isa = PBXFileReference; lastKnownFileType = wrapper.framework; name = CoreGraphics.framework; path = System/Library/Frameworks/CoreGraphics.framework; sourceTree = SDKROOT; };
		2F4D1385191A966D00BFB2E1 /* UIKit.framework */ = {isa = PBXFileReference; lastKnownFileType = wrapper.framework; name = UIKit.framework; path = System/Library/Frameworks/UIKit.framework; sourceTree = SDKROOT; };
		2F4D1389191A966D00BFB2E1 /* Homework1-Info.plist */ = {isa = PBXFileReference; lastKnownFileType = text.plist.xml; path = "Homework1-Info.plist"; sourceTree = "<group>"; };
		2F4D138B191A966D00BFB2E1 /* en */ = {isa = PBXFileReference; lastKnownFileType = text.plist.strings; name = en; path = en.lproj/InfoPlist.strings; sourceTree = "<group>"; };
		2F4D138D191A966D00BFB2E1 /* main.m */ = {isa = PBXFileReference; lastKnownFileType = sourcecode.c.objc; path = main.m; sourceTree = "<group>"; };
		2F4D138F191A966D00BFB2E1 /* Homework1-Prefix.pch */ = {isa = PBXFileReference; lastKnownFileType = sourcecode.c.h; path = "Homework1-Prefix.pch"; sourceTree = "<group>"; };
		2F4D1390191A966D00BFB2E1 /* XYZAppDelegate.h */ = {isa = PBXFileReference; lastKnownFileType = sourcecode.c.h; path = XYZAppDelegate.h; sourceTree = "<group>"; };
		2F4D1391191A966D00BFB2E1 /* XYZAppDelegate.m */ = {isa = PBXFileReference; lastKnownFileType = sourcecode.c.objc; path = XYZAppDelegate.m; sourceTree = "<group>"; };
		2F4D1394191A966D00BFB2E1 /* Base */ = {isa = PBXFileReference; lastKnownFileType = file.storyboard; name = Base; path = Base.lproj/Main.storyboard; sourceTree = "<group>"; };
		2F4D1396191A966D00BFB2E1 /* XYZViewController.h */ = {isa = PBXFileReference; lastKnownFileType = sourcecode.c.h; path = XYZViewController.h; sourceTree = "<group>"; };
		2F4D1397191A966D00BFB2E1 /* XYZViewController.m */ = {isa = PBXFileReference; lastKnownFileType = sourcecode.c.objc; path = XYZViewController.m; sourceTree = "<group>"; };
		2F4D1399191A966D00BFB2E1 /* Images.xcassets */ = {isa = PBXFileReference; lastKnownFileType = folder.assetcatalog; path = Images.xcassets; sourceTree = "<group>"; };
		2F4D139F191A966D00BFB2E1 /* Homework1Tests.xctest */ = {isa = PBXFileReference; explicitFileType = wrapper.cfbundle; includeInIndex = 0; path = Homework1Tests.xctest; sourceTree = BUILT_PRODUCTS_DIR; };
		2F4D13A0191A966D00BFB2E1 /* XCTest.framework */ = {isa = PBXFileReference; lastKnownFileType = wrapper.framework; name = XCTest.framework; path = Library/Frameworks/XCTest.framework; sourceTree = DEVELOPER_DIR; };
		2F4D13A8191A966D00BFB2E1 /* Homework1Tests-Info.plist */ = {isa = PBXFileReference; lastKnownFileType = text.plist.xml; path = "Homework1Tests-Info.plist"; sourceTree = "<group>"; };
		2F4D13AA191A966D00BFB2E1 /* en */ = {isa = PBXFileReference; lastKnownFileType = text.plist.strings; name = en; path = en.lproj/InfoPlist.strings; sourceTree = "<group>"; };
		2F4D13AC191A966D00BFB2E1 /* Homework1Tests.m */ = {isa = PBXFileReference; lastKnownFileType = sourcecode.c.objc; path = Homework1Tests.m; sourceTree = "<group>"; };
		2F4D13B6191A99C700BFB2E1 /* XYZAddItemViewController.h */ = {isa = PBXFileReference; fileEncoding = 4; lastKnownFileType = sourcecode.c.h; path = XYZAddItemViewController.h; sourceTree = "<group>"; };
		2F4D13B7191A99C700BFB2E1 /* XYZAddItemViewController.m */ = {isa = PBXFileReference; fileEncoding = 4; lastKnownFileType = sourcecode.c.objc; path = XYZAddItemViewController.m; sourceTree = "<group>"; };
		2F4D13B9191A9C3C00BFB2E1 /* XYZMyStoryboardTableViewController.h */ = {isa = PBXFileReference; fileEncoding = 4; lastKnownFileType = sourcecode.c.h; path = XYZMyStoryboardTableViewController.h; sourceTree = "<group>"; };
		2F4D13BA191A9C3C00BFB2E1 /* XYZMyStoryboardTableViewController.m */ = {isa = PBXFileReference; fileEncoding = 4; lastKnownFileType = sourcecode.c.objc; path = XYZMyStoryboardTableViewController.m; sourceTree = "<group>"; };
/* End PBXFileReference section */

/* Begin PBXFrameworksBuildPhase section */
		2F4D137B191A966D00BFB2E1 /* Frameworks */ = {
			isa = PBXFrameworksBuildPhase;
			buildActionMask = 2147483647;
			files = (
				2F4D1384191A966D00BFB2E1 /* CoreGraphics.framework in Frameworks */,
				2F4D1386191A966D00BFB2E1 /* UIKit.framework in Frameworks */,
				2F4D1382191A966D00BFB2E1 /* Foundation.framework in Frameworks */,
			);
			runOnlyForDeploymentPostprocessing = 0;
		};
		2F4D139C191A966D00BFB2E1 /* Frameworks */ = {
			isa = PBXFrameworksBuildPhase;
			buildActionMask = 2147483647;
			files = (
				2F4D13A1191A966D00BFB2E1 /* XCTest.framework in Frameworks */,
				2F4D13A3191A966D00BFB2E1 /* UIKit.framework in Frameworks */,
				2F4D13A2191A966D00BFB2E1 /* Foundation.framework in Frameworks */,
			);
			runOnlyForDeploymentPostprocessing = 0;
		};
/* End PBXFrameworksBuildPhase section */

/* Begin PBXGroup section */
		2F4D1375191A966D00BFB2E1 = {
			isa = PBXGroup;
			children = (
				2F4D1387191A966D00BFB2E1 /* Homework1 */,
				2F4D13A6191A966D00BFB2E1 /* Homework1Tests */,
				2F4D1380191A966D00BFB2E1 /* Frameworks */,
				2F4D137F191A966D00BFB2E1 /* Products */,
			);
			sourceTree = "<group>";
		};
		2F4D137F191A966D00BFB2E1 /* Products */ = {
			isa = PBXGroup;
			children = (
				2F4D137E191A966D00BFB2E1 /* Homework1.app */,
				2F4D139F191A966D00BFB2E1 /* Homework1Tests.xctest */,
			);
			name = Products;
			sourceTree = "<group>";
		};
		2F4D1380191A966D00BFB2E1 /* Frameworks */ = {
			isa = PBXGroup;
			children = (
				2F4D1381191A966D00BFB2E1 /* Foundation.framework */,
				2F4D1383191A966D00BFB2E1 /* CoreGraphics.framework */,
				2F4D1385191A966D00BFB2E1 /* UIKit.framework */,
				2F4D13A0191A966D00BFB2E1 /* XCTest.framework */,
			);
			name = Frameworks;
			sourceTree = "<group>";
		};
		2F4D1387191A966D00BFB2E1 /* Homework1 */ = {
			isa = PBXGroup;
			children = (
				2F4D1390191A966D00BFB2E1 /* XYZAppDelegate.h */,
				2F4D1391191A966D00BFB2E1 /* XYZAppDelegate.m */,
				2F4D1393191A966D00BFB2E1 /* Main.storyboard */,
				2F4D1396191A966D00BFB2E1 /* XYZViewController.h */,
				2F4D1397191A966D00BFB2E1 /* XYZViewController.m */,
				2F4D1399191A966D00BFB2E1 /* Images.xcassets */,
				2F4D1388191A966D00BFB2E1 /* Supporting Files */,
				2F4D13B6191A99C700BFB2E1 /* XYZAddItemViewController.h */,
				2F4D13B7191A99C700BFB2E1 /* XYZAddItemViewController.m */,
				2F4D13B9191A9C3C00BFB2E1 /* XYZMyStoryboardTableViewController.h */,
				2F4D13BA191A9C3C00BFB2E1 /* XYZMyStoryboardTableViewController.m */,
			);
			path = Homework1;
			sourceTree = "<group>";
		};
		2F4D1388191A966D00BFB2E1 /* Supporting Files */ = {
			isa = PBXGroup;
			children = (
				2F4D1389191A966D00BFB2E1 /* Homework1-Info.plist */,
				2F4D138A191A966D00BFB2E1 /* InfoPlist.strings */,
				2F4D138D191A966D00BFB2E1 /* main.m */,
				2F4D138F191A966D00BFB2E1 /* Homework1-Prefix.pch */,
			);
			name = "Supporting Files";
			sourceTree = "<group>";
		};
		2F4D13A6191A966D00BFB2E1 /* Homework1Tests */ = {
			isa = PBXGroup;
			children = (
				2F4D13AC191A966D00BFB2E1 /* Homework1Tests.m */,
				2F4D13A7191A966D00BFB2E1 /* Supporting Files */,
			);
			path = Homework1Tests;
			sourceTree = "<group>";
		};
		2F4D13A7191A966D00BFB2E1 /* Supporting Files */ = {
			isa = PBXGroup;
			children = (
				2F4D13A8191A966D00BFB2E1 /* Homework1Tests-Info.plist */,
				2F4D13A9191A966D00BFB2E1 /* InfoPlist.strings */,
			);
			name = "Supporting Files";
			sourceTree = "<group>";
		};
/* End PBXGroup section */

/* Begin PBXNativeTarget section */
		2F4D137D191A966D00BFB2E1 /* Homework1 */ = {
			isa = PBXNativeTarget;
			buildConfigurationList = 2F4D13B0191A966D00BFB2E1 /* Build configuration list for PBXNativeTarget "Homework1" */;
			buildPhases = (
				2F4D137A191A966D00BFB2E1 /* Sources */,
				2F4D137B191A966D00BFB2E1 /* Frameworks */,
				2F4D137C191A966D00BFB2E1 /* Resources */,
			);
			buildRules = (
			);
			dependencies = (
			);
			name = Homework1;
			productName = Homework1;
			productReference = 2F4D137E191A966D00BFB2E1 /* Homework1.app */;
			productType = "com.apple.product-type.application";
		};
		2F4D139E191A966D00BFB2E1 /* Homework1Tests */ = {
			isa = PBXNativeTarget;
			buildConfigurationList = 2F4D13B3191A966D00BFB2E1 /* Build configuration list for PBXNativeTarget "Homework1Tests" */;
			buildPhases = (
				2F4D139B191A966D00BFB2E1 /* Sources */,
				2F4D139C191A966D00BFB2E1 /* Frameworks */,
				2F4D139D191A966D00BFB2E1 /* Resources */,
			);
			buildRules = (
			);
			dependencies = (
				2F4D13A5191A966D00BFB2E1 /* PBXTargetDependency */,
			);
			name = Homework1Tests;
			productName = Homework1Tests;
			productReference = 2F4D139F191A966D00BFB2E1 /* Homework1Tests.xctest */;
			productType = "com.apple.product-type.bundle.unit-test";
		};
/* End PBXNativeTarget section */

/* Begin PBXProject section */
		2F4D1376191A966D00BFB2E1 /* Project object */ = {
			isa = PBXProject;
			attributes = {
				CLASSPREFIX = XYZ;
				LastUpgradeCheck = 0510;
				TargetAttributes = {
					2F4D139E191A966D00BFB2E1 = {
						TestTargetID = 2F4D137D191A966D00BFB2E1;
					};
				};
			};
			buildConfigurationList = 2F4D1379191A966D00BFB2E1 /* Build configuration list for PBXProject "Homework1" */;
			compatibilityVersion = "Xcode 3.2";
			developmentRegion = English;
			hasScannedForEncodings = 0;
			knownRegions = (
				en,
				Base,
			);
			mainGroup = 2F4D1375191A966D00BFB2E1;
			productRefGroup = 2F4D137F191A966D00BFB2E1 /* Products */;
			projectDirPath = "";
			projectRoot = "";
			targets = (
				2F4D137D191A966D00BFB2E1 /* Homework1 */,
				2F4D139E191A966D00BFB2E1 /* Homework1Tests */,
			);
		};
/* End PBXProject section */

/* Begin PBXResourcesBuildPhase section */
		2F4D137C191A966D00BFB2E1 /* Resources */ = {
			isa = PBXResourcesBuildPhase;
			buildActionMask = 2147483647;
			files = (
				2F4D139A191A966D00BFB2E1 /* Images.xcassets in Resources */,
				2F4D138C191A966D00BFB2E1 /* InfoPlist.strings in Resources */,
				2F4D1395191A966D00BFB2E1 /* Main.storyboard in Resources */,
			);
			runOnlyForDeploymentPostprocessing = 0;
		};
		2F4D139D191A966D00BFB2E1 /* Resources */ = {
			isa = PBXResourcesBuildPhase;
			buildActionMask = 2147483647;
			files = (
				2F4D13AB191A966D00BFB2E1 /* InfoPlist.strings in Resources */,
			);
			runOnlyForDeploymentPostprocessing = 0;
		};
/* End PBXResourcesBuildPhase section */

/* Begin PBXSourcesBuildPhase section */
		2F4D137A191A966D00BFB2E1 /* Sources */ = {
			isa = PBXSourcesBuildPhase;
			buildActionMask = 2147483647;
			files = (
				2F4D13BB191A9C3C00BFB2E1 /* XYZMyStoryboardTableViewController.m in Sources */,
				2F4D1398191A966D00BFB2E1 /* XYZViewController.m in Sources */,
				2F4D1392191A966D00BFB2E1 /* XYZAppDelegate.m in Sources */,
				2F4D138E191A966D00BFB2E1 /* main.m in Sources */,
				2F4D13B8191A99C700BFB2E1 /* XYZAddItemViewController.m in Sources */,
			);
			runOnlyForDeploymentPostprocessing = 0;
		};
		2F4D139B191A966D00BFB2E1 /* Sources */ = {
			isa = PBXSourcesBuildPhase;
			buildActionMask = 2147483647;
			files = (
				2F4D13AD191A966D00BFB2E1 /* Homework1Tests.m in Sources */,
			);
			runOnlyForDeploymentPostprocessing = 0;
		};
/* End PBXSourcesBuildPhase section */

/* Begin PBXTargetDependency section */
		2F4D13A5191A966D00BFB2E1 /* PBXTargetDependency */ = {
			isa = PBXTargetDependency;
			target = 2F4D137D191A966D00BFB2E1 /* Homework1 */;
			targetProxy = 2F4D13A4191A966D00BFB2E1 /* PBXContainerItemProxy */;
		};
/* End PBXTargetDependency section */

/* Begin PBXVariantGroup section */
		2F4D138A191A966D00BFB2E1 /* InfoPlist.strings */ = {
			isa = PBXVariantGroup;
			children = (
				2F4D138B191A966D00BFB2E1 /* en */,
			);
			name = InfoPlist.strings;
			sourceTree = "<group>";
		};
		2F4D1393191A966D00BFB2E1 /* Main.storyboard */ = {
			isa = PBXVariantGroup;
			children = (
				2F4D1394191A966D00BFB2E1 /* Base */,
			);
			name = Main.storyboard;
			sourceTree = "<group>";
		};
		2F4D13A9191A966D00BFB2E1 /* InfoPlist.strings */ = {
			isa = PBXVariantGroup;
			children = (
				2F4D13AA191A966D00BFB2E1 /* en */,
			);
			name = InfoPlist.strings;
			sourceTree = "<group>";
		};
/* End PBXVariantGroup section */

/* Begin XCBuildConfiguration section */
		2F4D13AE191A966D00BFB2E1 /* Debug */ = {
			isa = XCBuildConfiguration;
			buildSettings = {
				ALWAYS_SEARCH_USER_PATHS = NO;
				CLANG_CXX_LANGUAGE_STANDARD = "gnu++0x";
				CLANG_CXX_LIBRARY = "libc++";
				CLANG_ENABLE_MODULES = YES;
				CLANG_ENABLE_OBJC_ARC = YES;
				CLANG_WARN_BOOL_CONVERSION = YES;
				CLANG_WARN_CONSTANT_CONVERSION = YES;
				CLANG_WARN_DIRECT_OBJC_ISA_USAGE = YES_ERROR;
				CLANG_WARN_EMPTY_BODY = YES;
				CLANG_WARN_ENUM_CONVERSION = YES;
				CLANG_WARN_INT_CONVERSION = YES;
				CLANG_WARN_OBJC_ROOT_CLASS = YES_ERROR;
				CLANG_WARN__DUPLICATE_METHOD_MATCH = YES;
				"CODE_SIGN_IDENTITY[sdk=iphoneos*]" = "iPhone Developer";
				COPY_PHASE_STRIP = NO;
				GCC_C_LANGUAGE_STANDARD = gnu99;
				GCC_DYNAMIC_NO_PIC = NO;
				GCC_OPTIMIZATION_LEVEL = 0;
				GCC_PREPROCESSOR_DEFINITIONS = (
					"DEBUG=1",
					"$(inherited)",
				);
				GCC_SYMBOLS_PRIVATE_EXTERN = NO;
				GCC_WARN_64_TO_32_BIT_CONVERSION = YES;
				GCC_WARN_ABOUT_RETURN_TYPE = YES_ERROR;
				GCC_WARN_UNDECLARED_SELECTOR = YES;
				GCC_WARN_UNINITIALIZED_AUTOS = YES_AGGRESSIVE;
				GCC_WARN_UNUSED_FUNCTION = YES;
				GCC_WARN_UNUSED_VARIABLE = YES;
				IPHONEOS_DEPLOYMENT_TARGET = 7.1;
				ONLY_ACTIVE_ARCH = YES;
				SDKROOT = iphoneos;
			};
			name = Debug;
		};
		2F4D13AF191A966D00BFB2E1 /* Release */ = {
			isa = XCBuildConfiguration;
			buildSettings = {
				ALWAYS_SEARCH_USER_PATHS = NO;
				CLANG_CXX_LANGUAGE_STANDARD = "gnu++0x";
				CLANG_CXX_LIBRARY = "libc++";
				CLANG_ENABLE_MODULES = YES;
				CLANG_ENABLE_OBJC_ARC = YES;
				CLANG_WARN_BOOL_CONVERSION = YES;
				CLANG_WARN_CONSTANT_CONVERSION = YES;
				CLANG_WARN_DIRECT_OBJC_ISA_USAGE = YES_ERROR;
				CLANG_WARN_EMPTY_BODY = YES;
				CLANG_WARN_ENUM_CONVERSION = YES;
				CLANG_WARN_INT_CONVERSION = YES;
				CLANG_WARN_OBJC_ROOT_CLASS = YES_ERROR;
				CLANG_WARN__DUPLICATE_METHOD_MATCH = YES;
				"CODE_SIGN_IDENTITY[sdk=iphoneos*]" = "iPhone Developer";
				COPY_PHASE_STRIP = YES;
				ENABLE_NS_ASSERTIONS = NO;
				GCC_C_LANGUAGE_STANDARD = gnu99;
				GCC_WARN_64_TO_32_BIT_CONVERSION = YES;
				GCC_WARN_ABOUT_RETURN_TYPE = YES_ERROR;
				GCC_WARN_UNDECLARED_SELECTOR = YES;
				GCC_WARN_UNINITIALIZED_AUTOS = YES_AGGRESSIVE;
				GCC_WARN_UNUSED_FUNCTION = YES;
				GCC_WARN_UNUSED_VARIABLE = YES;
				IPHONEOS_DEPLOYMENT_TARGET = 7.1;
				SDKROOT = iphoneos;
				VALIDATE_PRODUCT = YES;
			};
			name = Release;
		};
		2F4D13B1191A966D00BFB2E1 /* Debug */ = {
			isa = XCBuildConfiguration;
			buildSettings = {
				ASSETCATALOG_COMPILER_APPICON_NAME = AppIcon;
				ASSETCATALOG_COMPILER_LAUNCHIMAGE_NAME = LaunchImage;
				GCC_PRECOMPILE_PREFIX_HEADER = YES;
				GCC_PREFIX_HEADER = "Homework1/Homework1-Prefix.pch";
				INFOPLIST_FILE = "Homework1/Homework1-Info.plist";
				PRODUCT_NAME = "$(TARGET_NAME)";
				WRAPPER_EXTENSION = app;
			};
			name = Debug;
		};
		2F4D13B2191A966D00BFB2E1 /* Release */ = {
			isa = XCBuildConfiguration;
			buildSettings = {
				ASSETCATALOG_COMPILER_APPICON_NAME = AppIcon;
				ASSETCATALOG_COMPILER_LAUNCHIMAGE_NAME = LaunchImage;
				GCC_PRECOMPILE_PREFIX_HEADER = YES;
				GCC_PREFIX_HEADER = "Homework1/Homework1-Prefix.pch";
				INFOPLIST_FILE = "Homework1/Homework1-Info.plist";
				PRODUCT_NAME = "$(TARGET_NAME)";
				WRAPPER_EXTENSION = app;
			};
			name = Release;
		};
		2F4D13B4191A966D00BFB2E1 /* Debug */ = {
			isa = XCBuildConfiguration;
			buildSettings = {
				BUNDLE_LOADER = "$(BUILT_PRODUCTS_DIR)/Homework1.app/Homework1";
				FRAMEWORK_SEARCH_PATHS = (
					"$(SDKROOT)/Developer/Library/Frameworks",
					"$(inherited)",
					"$(DEVELOPER_FRAMEWORKS_DIR)",
				);
				GCC_PRECOMPILE_PREFIX_HEADER = YES;
				GCC_PREFIX_HEADER = "Homework1/Homework1-Prefix.pch";
				GCC_PREPROCESSOR_DEFINITIONS = (
					"DEBUG=1",
					"$(inherited)",
				);
				INFOPLIST_FILE = "Homework1Tests/Homework1Tests-Info.plist";
				PRODUCT_NAME = "$(TARGET_NAME)";
				TEST_HOST = "$(BUNDLE_LOADER)";
				WRAPPER_EXTENSION = xctest;
			};
			name = Debug;
		};
		2F4D13B5191A966D00BFB2E1 /* Release */ = {
			isa = XCBuildConfiguration;
			buildSettings = {
				BUNDLE_LOADER = "$(BUILT_PRODUCTS_DIR)/Homework1.app/Homework1";
				FRAMEWORK_SEARCH_PATHS = (
					"$(SDKROOT)/Developer/Library/Frameworks",
					"$(inherited)",
					"$(DEVELOPER_FRAMEWORKS_DIR)",
				);
				GCC_PRECOMPILE_PREFIX_HEADER = YES;
				GCC_PREFIX_HEADER = "Homework1/Homework1-Prefix.pch";
				INFOPLIST_FILE = "Homework1Tests/Homework1Tests-Info.plist";
				PRODUCT_NAME = "$(TARGET_NAME)";
				TEST_HOST = "$(BUNDLE_LOADER)";
				WRAPPER_EXTENSION = xctest;
			};
			name = Release;
		};
/* End XCBuildConfiguration section */

/* Begin XCConfigurationList section */
		2F4D1379191A966D00BFB2E1 /* Build configuration list for PBXProject "Homework1" */ = {
			isa = XCConfigurationList;
			buildConfigurations = (
				2F4D13AE191A966D00BFB2E1 /* Debug */,
				2F4D13AF191A966D00BFB2E1 /* Release */,
			);
			defaultConfigurationIsVisible = 0;
			defaultConfigurationName = Release;
		};
		2F4D13B0191A966D00BFB2E1 /* Build configuration list for PBXNativeTarget "Homework1" */ = {
			isa = XCConfigurationList;
			buildConfigurations = (
				2F4D13B1191A966D00BFB2E1 /* Debug */,
				2F4D13B2191A966D00BFB2E1 /* Release */,
			);
			defaultConfigurationIsVisible = 0;
		};
		2F4D13B3191A966D00BFB2E1 /* Build configuration list for PBXNativeTarget "Homework1Tests" */ = {
			isa = XCConfigurationList;
			buildConfigurations = (
				2F4D13B4191A966D00BFB2E1 /* Debug */,
				2F4D13B5191A966D00BFB2E1 /* Release */,
			);
			defaultConfigurationIsVisible = 0;
		};
/* End XCConfigurationList section */
	};
	rootObject = 2F4D1376191A966D00BFB2E1 /* Project object */;
}
